Microsoft Visual Studio Solution File, Format Version 12.00
# Visual Studio Version 17
VisualStudioVersion = 17.5.2.0
MinimumVisualStudioVersion = 10.0.40219.1
Project("{FAE04EC0-301F-11D3-BF4B-00C04F79EFBC}") = "MercadonaRetail.Api", "MercadonaRetail.Api\MercadonaRetail.Api.csproj", "{567244B3-6FEF-9706-4186-6C616AD1138E}"
EndProject
Project("{FAE04EC0-301F-11D3-BF4B-00C04F79EFBC}") = "MercadonaRetail.Api.Tests", "MercadonaRetail.Api.Tests\MercadonaRetail.Api.Tests.csproj", "{701A10DC-089C-49DB-8077-513666EE214A}"
EndProject
Global
	GlobalSection(SolutionConfigurationPlatforms) = preSolution
		Debug|Any CPU = Debug|Any CPU
		Release|Any CPU = Release|Any CPU
	EndGlobalSection
	GlobalSection(ProjectConfigurationPlatforms) = postSolution
		{567244B3-6FEF-9706-4186-6C616AD1138E}.Debug|Any CPU.ActiveCfg = Debug|Any CPU
		{567244B3-6FEF-9706-4186-6C616AD1138E}.Debug|Any CPU.Build.0 = Debug|Any CPU
		{567244B3-6FEF-9706-4186-6C616AD1138E}.Release|Any CPU.ActiveCfg = Release|Any CPU
		{567244B3-6FEF-9706-4186-6C616AD1138E}.Release|Any CPU.Build.0 = Release|Any CPU
		{701A10DC-089C-49DB-8077-513666EE214A}.Debug|Any CPU.ActiveCfg = Debug|Any CPU
		{701A10DC-089C-49DB-8077-513666EE214A}.Debug|Any CPU.Build.0 = Debug|Any CPU
		{701A10DC-089C-49DB-8077-513666EE214A}.Release|Any CPU.ActiveCfg = Release|Any CPU
		{701A10DC-089C-49DB-8077-513666EE214A}.Release|Any CPU.Build.0 = Release|Any CPU
	EndGlobalSection
EndGlobal
